
Microsoft Visual Studio Solution File, Format Version 12.00
# Visual Studio 15
VisualStudioVersion = 15.0.27004.2009
MinimumVisualStudioVersion = 10.0.40219.1
Project("{FAE04EC0-301F-11D3-BF4B-00C04F79EFBC}") = "RemDiscordBot", "RemDiscordBot\RemDiscordBot.csproj", "{B1EB382C-D8E9-4210-9525-6AAF6D7DAEC1}"
EndProject
Global
	GlobalSection(SolutionConfigurationPlatforms) = preSolution
		Debug|Any CPU = Debug|Any CPU
		Release|Any CPU = Release|Any CPU
	EndGlobalSection
	GlobalSection(ProjectConfigurationPlatforms) = postSolution
		{B1EB382C-D8E9-4210-9525-6AAF6D7DAEC1}.Debug|Any CPU.ActiveCfg = Debug|Any CPU
		{B1EB382C-D8E9-4210-9525-6AAF6D7DAEC1}.Debug|Any CPU.Build.0 = Debug|Any CPU
		{B1EB382C-D8E9-4210-9525-6AAF6D7DAEC1}.Release|Any CPU.ActiveCfg = Release|Any CPU
		{B1EB382C-D8E9-4210-9525-6AAF6D7DAEC1}.Release|Any CPU.Build.0 = Release|Any CPU
	EndGlobalSection
	GlobalSection(SolutionProperties) = preSolution
		HideSolutionNode = FALSE
	EndGlobalSection
	GlobalSection(ExtensibilityGlobals) = postSolution
		SolutionGuid = {55FA66A0-59EC-451C-BA2E-285A574C9D0A}
	EndGlobalSection
EndGlobal
